
Microsoft Visual Studio Solution File, Format Version 12.00
# Visual Studio 15
VisualStudioVersion = 15.0.27617.1
MinimumVisualStudioVersion = 10.0.40219.1
Project("{FAE04EC0-301F-11D3-BF4B-00C04F79EFBC}") = "SignalRApplication", "SignalRApplication\SignalRApplication.csproj", "{8ACFA712-047D-46ED-B9C4-64B03865F974}"
EndProject
Global
	GlobalSection(SolutionConfigurationPlatforms) = preSolution
		Debug|Any CPU = Debug|Any CPU
		Release|Any CPU = Release|Any CPU
	EndGlobalSection
	GlobalSection(ProjectConfigurationPlatforms) = postSolution
		{8ACFA712-047D-46ED-B9C4-64B03865F974}.Debug|Any CPU.ActiveCfg = Debug|Any CPU
		{8ACFA712-047D-46ED-B9C4-64B03865F974}.Debug|Any CPU.Build.0 = Debug|Any CPU
		{8ACFA712-047D-46ED-B9C4-64B03865F974}.Release|Any CPU.ActiveCfg = Release|Any CPU
		{8ACFA712-047D-46ED-B9C4-64B03865F974}.Release|Any CPU.Build.0 = Release|Any CPU
	EndGlobalSection
	GlobalSection(SolutionProperties) = preSolution
		HideSolutionNode = FALSE
	EndGlobalSection
	GlobalSection(ExtensibilityGlobals) = postSolution
		SolutionGuid = {4D3E5941-5993-4C33-9156-20F8F728F4B2}
	EndGlobalSection
EndGlobal
